
Microsoft Visual Studio Solution File, Format Version 12.00
# Visual Studio 15
VisualStudioVersion = 15.0.26124.0
MinimumVisualStudioVersion = 15.0.26124.0
Project("{FAE04EC0-301F-11D3-BF4B-00C04F79EFBC}") = "DomainModel", "DomainModel\DomainModel.csproj", "{638F7314-8E4E-44FD-9F48-7DCEF0677BA7}"
EndProject
Project("{FAE04EC0-301F-11D3-BF4B-00C04F79EFBC}") = "DotNetFrameworkStringIntern", "DotNetFrameworkStringIntern\DotNetFrameworkStringIntern.csproj", "{3570F0B3-B4B5-439B-A17C-F8C089E649C7}"
EndProject
Project("{FAE04EC0-301F-11D3-BF4B-00C04F79EFBC}") = "HouseInteriorApp", "HouseInteriorApp\HouseInteriorApp.csproj", "{CD154B49-EE3E-4BBD-BB0D-4D7FFF687867}"
EndProject
Project("{FAE04EC0-301F-11D3-BF4B-00C04F79EFBC}") = "Drawing", "Drawing\Drawing.csproj", "{C3D3CCBC-86EA-440A-A49C-BA9FCDD86F4D}"
EndProject
Project("{FAE04EC0-301F-11D3-BF4B-00C04F79EFBC}") = "Utility", "Utility\Utility.csproj", "{88CF54C5-95A7-4641-B998-E6ACDE2CED09}"
EndProject
Global
	GlobalSection(SolutionConfigurationPlatforms) = preSolution
		Debug|Any CPU = Debug|Any CPU
		Debug|x64 = Debug|x64
		Debug|x86 = Debug|x86
		Release|Any CPU = Release|Any CPU
		Release|x64 = Release|x64
		Release|x86 = Release|x86
	EndGlobalSection
	GlobalSection(SolutionProperties) = preSolution
		HideSolutionNode = FALSE
	EndGlobalSection
	GlobalSection(ProjectConfigurationPlatforms) = postSolution
		{638F7314-8E4E-44FD-9F48-7DCEF0677BA7}.Debug|Any CPU.ActiveCfg = Debug|Any CPU
		{638F7314-8E4E-44FD-9F48-7DCEF0677BA7}.Debug|Any CPU.Build.0 = Debug|Any CPU
		{638F7314-8E4E-44FD-9F48-7DCEF0677BA7}.Debug|x64.ActiveCfg = Debug|x64
		{638F7314-8E4E-44FD-9F48-7DCEF0677BA7}.Debug|x64.Build.0 = Debug|x64
		{638F7314-8E4E-44FD-9F48-7DCEF0677BA7}.Debug|x86.ActiveCfg = Debug|x86
		{638F7314-8E4E-44FD-9F48-7DCEF0677BA7}.Debug|x86.Build.0 = Debug|x86
		{638F7314-8E4E-44FD-9F48-7DCEF0677BA7}.Release|Any CPU.ActiveCfg = Release|Any CPU
		{638F7314-8E4E-44FD-9F48-7DCEF0677BA7}.Release|Any CPU.Build.0 = Release|Any CPU
		{638F7314-8E4E-44FD-9F48-7DCEF0677BA7}.Release|x64.ActiveCfg = Release|x64
		{638F7314-8E4E-44FD-9F48-7DCEF0677BA7}.Release|x64.Build.0 = Release|x64
		{638F7314-8E4E-44FD-9F48-7DCEF0677BA7}.Release|x86.ActiveCfg = Release|x86
		{638F7314-8E4E-44FD-9F48-7DCEF0677BA7}.Release|x86.Build.0 = Release|x86
		{3570F0B3-B4B5-439B-A17C-F8C089E649C7}.Debug|Any CPU.ActiveCfg = Debug|Any CPU
		{3570F0B3-B4B5-439B-A17C-F8C089E649C7}.Debug|Any CPU.Build.0 = Debug|Any CPU
		{3570F0B3-B4B5-439B-A17C-F8C089E649C7}.Debug|x64.ActiveCfg = Debug|x64
		{3570F0B3-B4B5-439B-A17C-F8C089E649C7}.Debug|x64.Build.0 = Debug|x64
		{3570F0B3-B4B5-439B-A17C-F8C089E649C7}.Debug|x86.ActiveCfg = Debug|x86
		{3570F0B3-B4B5-439B-A17C-F8C089E649C7}.Debug|x86.Build.0 = Debug|x86
		{3570F0B3-B4B5-439B-A17C-F8C089E649C7}.Release|Any CPU.ActiveCfg = Release|Any CPU
		{3570F0B3-B4B5-439B-A17C-F8C089E649C7}.Release|Any CPU.Build.0 = Release|Any CPU
		{3570F0B3-B4B5-439B-A17C-F8C089E649C7}.Release|x64.ActiveCfg = Release|x64
		{3570F0B3-B4B5-439B-A17C-F8C089E649C7}.Release|x64.Build.0 = Release|x64
		{3570F0B3-B4B5-439B-A17C-F8C089E649C7}.Release|x86.ActiveCfg = Release|x86
		{3570F0B3-B4B5-439B-A17C-F8C089E649C7}.Release|x86.Build.0 = Release|x86
		{CD154B49-EE3E-4BBD-BB0D-4D7FFF687867}.Debug|Any CPU.ActiveCfg = Debug|Any CPU
		{CD154B49-EE3E-4BBD-BB0D-4D7FFF687867}.Debug|Any CPU.Build.0 = Debug|Any CPU
		{CD154B49-EE3E-4BBD-BB0D-4D7FFF687867}.Debug|x64.ActiveCfg = Debug|x64
		{CD154B49-EE3E-4BBD-BB0D-4D7FFF687867}.Debug|x64.Build.0 = Debug|x64
		{CD154B49-EE3E-4BBD-BB0D-4D7FFF687867}.Debug|x86.ActiveCfg = Debug|x86
		{CD154B49-EE3E-4BBD-BB0D-4D7FFF687867}.Debug|x86.Build.0 = Debug|x86
		{CD154B49-EE3E-4BBD-BB0D-4D7FFF687867}.Release|Any CPU.ActiveCfg = Release|Any CPU
		{CD154B49-EE3E-4BBD-BB0D-4D7FFF687867}.Release|Any CPU.Build.0 = Release|Any CPU
		{CD154B49-EE3E-4BBD-BB0D-4D7FFF687867}.Release|x64.ActiveCfg = Release|x64
		{CD154B49-EE3E-4BBD-BB0D-4D7FFF687867}.Release|x64.Build.0 = Release|x64
		{CD154B49-EE3E-4BBD-BB0D-4D7FFF687867}.Release|x86.ActiveCfg = Release|x86
		{CD154B49-EE3E-4BBD-BB0D-4D7FFF687867}.Release|x86.Build.0 = Release|x86
		{C3D3CCBC-86EA-440A-A49C-BA9FCDD86F4D}.Debug|Any CPU.ActiveCfg = Debug|Any CPU
		{C3D3CCBC-86EA-440A-A49C-BA9FCDD86F4D}.Debug|Any CPU.Build.0 = Debug|Any CPU
		{C3D3CCBC-86EA-440A-A49C-BA9FCDD86F4D}.Debug|x64.ActiveCfg = Debug|x64
		{C3D3CCBC-86EA-440A-A49C-BA9FCDD86F4D}.Debug|x64.Build.0 = Debug|x64
		{C3D3CCBC-86EA-440A-A49C-BA9FCDD86F4D}.Debug|x86.ActiveCfg = Debug|x86
		{C3D3CCBC-86EA-440A-A49C-BA9FCDD86F4D}.Debug|x86.Build.0 = Debug|x86
		{C3D3CCBC-86EA-440A-A49C-BA9FCDD86F4D}.Release|Any CPU.ActiveCfg = Release|Any CPU
		{C3D3CCBC-86EA-440A-A49C-BA9FCDD86F4D}.Release|Any CPU.Build.0 = Release|Any CPU
		{C3D3CCBC-86EA-440A-A49C-BA9FCDD86F4D}.Release|x64.ActiveCfg = Release|x64
		{C3D3CCBC-86EA-440A-A49C-BA9FCDD86F4D}.Release|x64.Build.0 = Release|x64
		{C3D3CCBC-86EA-440A-A49C-BA9FCDD86F4D}.Release|x86.ActiveCfg = Release|x86
		{C3D3CCBC-86EA-440A-A49C-BA9FCDD86F4D}.Release|x86.Build.0 = Release|x86
		{88CF54C5-95A7-4641-B998-E6ACDE2CED09}.Debug|Any CPU.ActiveCfg = Debug|Any CPU
		{88CF54C5-95A7-4641-B998-E6ACDE2CED09}.Debug|Any CPU.Build.0 = Debug|Any CPU
		{88CF54C5-95A7-4641-B998-E6ACDE2CED09}.Debug|x64.ActiveCfg = Debug|x64
		{88CF54C5-95A7-4641-B998-E6ACDE2CED09}.Debug|x64.Build.0 = Debug|x64
		{88CF54C5-95A7-4641-B998-E6ACDE2CED09}.Debug|x86.ActiveCfg = Debug|x86
		{88CF54C5-95A7-4641-B998-E6ACDE2CED09}.Debug|x86.Build.0 = Debug|x86
		{88CF54C5-95A7-4641-B998-E6ACDE2CED09}.Release|Any CPU.ActiveCfg = Release|Any CPU
		{88CF54C5-95A7-4641-B998-E6ACDE2CED09}.Release|Any CPU.Build.0 = Release|Any CPU
		{88CF54C5-95A7-4641-B998-E6ACDE2CED09}.Release|x64.ActiveCfg = Release|x64
		{88CF54C5-95A7-4641-B998-E6ACDE2CED09}.Release|x64.Build.0 = Release|x64
		{88CF54C5-95A7-4641-B998-E6ACDE2CED09}.Release|x86.ActiveCfg = Release|x86
		{88CF54C5-95A7-4641-B998-E6ACDE2CED09}.Release|x86.Build.0 = Release|x86
	EndGlobalSection
EndGlobal
